fyne.io/fyne/v2 v2.4.0 h1:LlyOyHmvkSo9IBm3aY+NVWSBIw+GMnssmyyIMK8F7zM=
fyne.io/fyne/v2 v2.4.0/go.mod h1:AWM1iPM2YfliduZ4u/kQzP9E6ARIWm0gg+57GpYzWro=
fyne.io/systray v1.10.1-0.20230722100817-88df1e0ffa9a h1:6Xf9fP3/mt72NrqlQhJWhQGcNf6GoG9X96NTaXr+K6A=
fyne.io/systray v1.10.1-0.20230722100817-88df1e0ffa9a/go.mod h1:oM2AQqGJ1AMo4nNqZFYU8xYygSBZkW2hmdJ7n4yjedE=
github.com/ByteArena/box2d v1.0.2 h1:f7f9KEQWhCs1n516DMLzi5w6u0MeeE78Mes4fWMcj9k=
github.com/ByteArena/box2d v1.0.2/go.mod h1:LzEuxY9iCz+tskfWCY3o0ywYBRafDDugdSj+/YGI6sE=
github.com/davecgh/go-spew v1.1.1 h1:vj9j/u1bqnvCEfJOwUhtlOARqs3+rkHYY13jYWTU97c=
github.com/davecgh/go-spew v1.1.1/go.mod h1:J7Y8YcW2NihsgmVo/mv3lAwl/skON4iLHjSsI+c5H38=
github.com/fredbi/uri v1.0.0 h1:s4QwUAZ8fz+mbTsukND+4V5f+mJ/wjaTokwstGUAemg=
github.com/fredbi/uri v1.0.0/go.mod h1:1xC40RnIOGCaQzswaOvrzvG/3M3F0hyDVb3aO/1iGy0=
github.com/fsnotify/fsnotify v1.6.0 h1:n+5WquG0fcWoWp6xPWfHdbskMCQaFnG6PfBrh1Ky4HY=
github.com/fsnotify/fsnotify v1.6.0/go.mod h1:sl3t1tCWJFWoRz9R8WJCbQihKKwmorjAbSClcnxKAGw=
github.com/fyne-io/gl-js v0.0.0-20220119005834-d2da28d9ccfe h1:A/wiwvQ0CAjPkuJytaD+SsXkPU0asQ+guQEIg1BJGX4=
github.com/fyne-io/gl-js v0.0.0-20220119005834-d2da28d9ccfe/go.mod h1:d4clgH0/GrRwWjRzJJQXxT/h1TyuNSfF/X64zb/3Ggg=
github.com/fyne-io/glfw-js v0.0.0-20220120001248-ee7290d23504 h1:+31CdF/okdokeFNoy9L/2PccG3JFidQT3ev64/r4pYU=
github.com/fyne-io/glfw-js v0.0.0-20220120001248-ee7290d23504/go.mod h1:gLRWYfYnMA9TONeppRSikMdXlHQ97xVsPojddUv3b/E=
github.com/fyne-io/image v0.0.0-20220602074514-4956b0afb3d2 h1:hnLq+55b7Zh7/2IRzWCpiTcAvjv/P8ERF+N7+xXbZhk=
github.com/fyne-io/image v0.0.0-20220602074514-4956b0afb3d2/go.mod h1:eO7W361vmlPOrykIg+Rsh1SZ3tQBaOsfzZhsIOb/Lm0=
github.com/go-gl/gl v0.0.0-20211210172815-726fda9656d6 h1:zDw5v7qm4yH7N8C8uWd+8Ii9rROdgWxQuGoJ9WDXxfk=
github.com/go-gl/gl v0.0.0-20211210172815-726fda9656d6/go.mod h1:9YTyiznxEY1fVinfM7RvRcjRHbw2xLBJ3AAGIT0I4Nw=
github.com/go-gl/glfw/v3.3/glfw v0.0.0-20221017161538-93cebf72946b h1:GgabKamyOYguHqHjSkDACcgoPIz3w0Dis/zJ1wyHHHU=
github.com/go-gl/glfw/v3.3/glfw v0.0.0-20221017161538-93cebf72946b/go.mod h1:tQ2UAYgL5IevRw8kRxooKSPJfGvJ9fJQFa0TUsXzTg8=
github.com/go-text/render v0.0.0-20230619120952-35bccb6164b8 h1:VkKnvzbvHqgEfm351rfr8Uclu5fnwq8HP2ximUzJsBM=
github.com/go-text/render v0.0.0-20230619120952-35bccb6164b8/go.mod h1:h29xCucjNsDcYb7+0rJokxVwYAq+9kQ19WiFuBKkYtc=
github.com/go-text/typesetting v0.0.0-20230616162802-9c17dd34aa4a h1:VjN8ttdfklC0dnAdKbZqGNESdERUxtE3l8a/4Grgarc=
github.com/go-text/typesetting v0.0.0-20230616162802-9c17dd34aa4a/go.mod h1:evDBbvNR/KaVFZ2ZlDSOWWXIUKq0wCOEtzLxRM8SG3k=
github.com/godbus/dbus/v5 v5.1.0 h1:4KLkAxT3aOY8Li4FRJe/KvhoNFFxo0m6fNuFUO8QJUk=
github.com/godbus/dbus/v5 v5.1.0/go.mod h1:xhWf0FNVPg57R7Z0UbKHbJfkEywrmjJnf7w5xrFpKfA=
github.com/gopherjs/gopherjs v1.17.2 h1:fQnZVsXk8uxXIStYb0N4bGk7jeyTalG/wsZjQ25dO0g=
github.com/gopherjs/gopherjs v1.17.2/go.mod h1:pRRIvn/QzFLrKfvEz3qUuEhtE/zLCWfreZ6J5gM2i+k=
github.com/jsummers/gobmp v0.0.0-20151104160322-e2ba15ffa76e h1:LvL4XsI70QxOGHed6yhQtAU34Kx3Qq2wwBzGFKY8zKk=
github.com/jsummers/gobmp v0.0.0-20151104160322-e2ba15ffa76e/go.mod h1:kLgvv7o6UM+0QSf0QjAse3wReFDsb9qbZJdfexWlrQw=
github.com/pmezard/go-difflib v1.0.0 h1:4DBwDE0NGyQoBHbLQYPwSUPoCMWR5BEzIk/f1lZbAQM=
github.com/pmezard/go-difflib v1.0.0/go.mod h1:iKH77koFhYxTK1pcRnkKkqfTogsbg7gZNVY4sRDYZ/4=
github.com/srwiley/oksvg v0.0.0-20221011165216-be6e8873101c h1:km8GpoQut05eY3GiYWEedbTT0qnSxrCjsVbb7yKY1KE=
github.com/srwiley/oksvg v0.0.0-20221011165216-be6e8873101c/go.mod h1:cNQ3dwVJtS5Hmnjxy6AgTPd0Inb3pW05ftPSX7NZO7Q=
github.com/srwiley/rasterx v0.0.0-20220730225603-2ab79fcdd4ef h1:Ch6Q+AZUxDBCVqdkI8FSpFyZDtCVBc2VmejdNrm5rRQ=
github.com/srwiley/rasterx v0.0.0-20220730225603-2ab79fcdd4ef/go.mod h1:nXTWP6+gD5+LUJ8krVhhoeHjvHTutPxMYl5SvkcnJNE=
github.com/stretchr/testify v1.8.4 h1:CcVxjf3Q8PM0mHUKJCdn+eZZtm5yQwehR5yeSVQQcUk=
github.com/stretchr/testify v1.8.4/go.mod h1:sz/lmYIOXD/1dqDmKjjqLyZ2RngseejIcXlSw2iwfAo=
github.com/tevino/abool v1.2.0 h1:heAkClL8H6w+mK5md9dzsuohKeXHUpY7Vw0ZCKW+huA=
github.com/tevino/abool v1.2.0/go.mod h1:qc66Pna1RiIsPa7O4Egxxs9OqkuxDX55zznh9K07Tzg=
github.com/yuin/goldmark v1.5.5 h1:IJznPe8wOzfIKETmMkd06F8nXkmlhaHqFRM9l1hAGsU=
github.com/yuin/goldmark v1.5.5/go.mod h1:6yULJ656Px+3vBD8DxQVa3kxgyrAnzto9xy5taEt/CY=
golang.org/x/image v0.11.0 h1:ds2RoQvBvYTiJkwpSFDwCcDFNX7DqjL2WsUgTNk0Ooo=
golang.org/x/image v0.11.0/go.mod h1:bglhjqbqVuEb9e9+eNR45Jfu7D+T4Qan+NhQk8Ck2P8=
golang.org/x/mobile v0.0.0-20230531173138-3c911d8e3eda h1:O+EUvnBNPwI4eLthn8W5K+cS8zQZfgTABPLNm6Bna34=
golang.org/x/mobile v0.0.0-20230531173138-3c911d8e3eda/go.mod h1:aAjjkJNdrh3PMckS4B10TGS2nag27cbKR1y2BpUxsiY=
golang.org/x/net v0.14.0 h1:BONx9s002vGdD9umnlX1Po8vOZmrgH34qlHcD1MfK14=
golang.org/x/net v0.14.0/go.mod h1:PpSgVXXLK0OxS0F31C1/tv6XNguvCrnXIDrFMspZIUI=
golang.org/x/sys v0.11.0 h1:eG7RXZHdqOJ1i+0lgLgCpSXAp6M3LYlAo6osgSi0xOM=
golang.org/x/sys v0.11.0/go.mod h1:oPkhp1MJrh7nUepCBck5+mAzfO9JrbApNNgaTdGDITg=
golang.org/x/text v0.12.0 h1:k+n5B8goJNdU7hSvEtMUz3d1Q6D/XW4COJSJR6fN0mc=
golang.org/x/text v0.12.0/go.mod h1:TvPlkZtksWOMsz7fbANvkp4WM8x/WCo/om8BMLbz+aE=
gopkg.in/yaml.v3 v3.0.1 h1:fxVm/GzAzEWqLHuvctI91KS9hhNmmWOoWu0XTYJS7CA=
gopkg.in/yaml.v3 v3.0.1/go.mod h1:K4uyk7z7BCEPqu6E+C64Yfv1cQ7kz7rIZviUmN+EgEM=
honnef.co/go/js/dom v0.0.0-20210725211120-f030747120f2 h1:oomkgU6VaQDsV6qZby2uz1Lap0eXmku8+2em3A/l700=
honnef.co/go/js/dom v0.0.0-20210725211120-f030747120f2/go.mod h1:sUMDUKNB2ZcVjt92UnLy3cdGs+wDAcrPdV3JP6sVgA4=
